// !$*UTF8*$!
{
	archiveVersion = 1;
	classes = {
	};
	objectVersion = 46;
	objects = {

/* Begin PBXBuildFile section */
		3F605B561C7BA01A0015AAE7 /* CategoryRow.swift in Sources */ = {isa = PBXBuildFile; fileRef = 3F605B551C7BA01A0015AAE7 /* CategoryRow.swift */; };
		3F94C7251C7B4008005CA088 /* AppDelegate.swift in Sources */ = {isa = PBXBuildFile; fileRef = 3F94C7241C7B4008005CA088 /* AppDelegate.swift */; };
		3F94C72A1C7B4008005CA088 /* Main.storyboard in Resources */ = {isa = PBXBuildFile; fileRef = 3F94C7281C7B4008005CA088 /* Main.storyboard */; };
		3F94C72C1C7B4008005CA088 /* Assets.xcassets in Resources */ = {isa = PBXBuildFile; fileRef = 3F94C72B1C7B4008005CA088 /* Assets.xcassets */; };
		3F94C72F1C7B4008005CA088 /* LaunchScreen.storyboard in Resources */ = {isa = PBXBuildFile; fileRef = 3F94C72D1C7B4008005CA088 /* LaunchScreen.storyboard */; };
		3F94C73E1C7B4129005CA088 /* cadastro.swift in Sources */ = {isa = PBXBuildFile; fileRef = 3F94C73C1C7B4129005CA088 /* cadastro.swift */; };
		3F94C73F1C7B4129005CA088 /* cadastro.xib in Resources */ = {isa = PBXBuildFile; fileRef = 3F94C73D1C7B4129005CA088 /* cadastro.xib */; };
		3F94C7421C7B5055005CA088 /* Principal.swift in Sources */ = {isa = PBXBuildFile; fileRef = 3F94C7401C7B5055005CA088 /* Principal.swift */; };
		3F94C7431C7B5055005CA088 /* Principal.xib in Resources */ = {isa = PBXBuildFile; fileRef = 3F94C7411C7B5055005CA088 /* Principal.xib */; };
		3F94C7461C7B546B005CA088 /* Perdeu.swift in Sources */ = {isa = PBXBuildFile; fileRef = 3F94C7441C7B546B005CA088 /* Perdeu.swift */; };
		3F94C7471C7B546B005CA088 /* Perdeu.xib in Resources */ = {isa = PBXBuildFile; fileRef = 3F94C7451C7B546B005CA088 /* Perdeu.xib */; };
		3F94C74B1C7B67C8005CA088 /* ViewController.swift in Sources */ = {isa = PBXBuildFile; fileRef = 3F94C74A1C7B67C8005CA088 /* ViewController.swift */; };
		3F94C74D1C7B6807005CA088 /* ViewController.xib in Resources */ = {isa = PBXBuildFile; fileRef = 3F94C74C1C7B6807005CA088 /* ViewController.xib */; };
/* End PBXBuildFile section */

/* Begin PBXFileReference section */
		3F605B551C7BA01A0015AAE7 /* CategoryRow.swift */ = {isa = PBXFileReference; fileEncoding = 4; lastKnownFileType = sourcecode.swift; path = CategoryRow.swift; sourceTree = "<group>"; };
		3F94C7211C7B4008005CA088 /* Eventos.app */ = {isa = PBXFileReference; explicitFileType = wrapper.application; includeInIndex = 0; path = Eventos.app; sourceTree = BUILT_PRODUCTS_DIR; };
		3F94C7241C7B4008005CA088 /* AppDelegate.swift */ = {isa = PBXFileReference; lastKnownFileType = sourcecode.swift; path = AppDelegate.swift; sourceTree = "<group>"; };
		3F94C7291C7B4008005CA088 /* Base */ = {isa = PBXFileReference; lastKnownFileType = file.storyboard; name = Base; path = Base.lproj/Main.storyboard; sourceTree = "<group>"; };
		3F94C72B1C7B4008005CA088 /* Assets.xcassets */ = {isa = PBXFileReference; lastKnownFileType = folder.assetcatalog; path = Assets.xcassets; sourceTree = "<group>"; };
		3F94C72E1C7B4008005CA088 /* Base */ = {isa = PBXFileReference; lastKnownFileType = file.storyboard; name = Base; path = Base.lproj/LaunchScreen.storyboard; sourceTree = "<group>"; };
		3F94C7301C7B4008005CA088 /* Info.plist */ = {isa = PBXFileReference; lastKnownFileType = text.plist.xml; path = Info.plist; sourceTree = "<group>"; };
		3F94C73C1C7B4129005CA088 /* cadastro.swift */ = {isa = PBXFileReference; fileEncoding = 4; lastKnownFileType = sourcecode.swift; path = cadastro.swift; sourceTree = "<group>"; };
		3F94C73D1C7B4129005CA088 /* cadastro.xib */ = {isa = PBXFileReference; fileEncoding = 4; lastKnownFileType = file.xib; path = cadastro.xib; sourceTree = "<group>"; };
		3F94C7401C7B5055005CA088 /* Principal.swift */ = {isa = PBXFileReference; fileEncoding = 4; lastKnownFileType = sourcecode.swift; path = Principal.swift; sourceTree = "<group>"; };
		3F94C7411C7B5055005CA088 /* Principal.xib */ = {isa = PBXFileReference; fileEncoding = 4; lastKnownFileType = file.xib; path = Principal.xib; sourceTree = "<group>"; };
		3F94C7441C7B546B005CA088 /* Perdeu.swift */ = {isa = PBXFileReference; fileEncoding = 4; lastKnownFileType = sourcecode.swift; path = Perdeu.swift; sourceTree = "<group>"; };
		3F94C7451C7B546B005CA088 /* Perdeu.xib */ = {isa = PBXFileReference; fileEncoding = 4; lastKnownFileType = file.xib; path = Perdeu.xib; sourceTree = "<group>"; };
		3F94C74A1C7B67C8005CA088 /* ViewController.swift */ = {isa = PBXFileReference; fileEncoding = 4; lastKnownFileType = sourcecode.swift; path = ViewController.swift; sourceTree = "<group>"; };
		3F94C74C1C7B6807005CA088 /* ViewController.xib */ = {isa = PBXFileReference; fileEncoding = 4; lastKnownFileType = file.xib; path = ViewController.xib; sourceTree = "<group>"; };
/* End PBXFileReference section */

/* Begin PBXFrameworksBuildPhase section */
		3F94C71E1C7B4008005CA088 /* Frameworks */ = {
			isa = PBXFrameworksBuildPhase;
			buildActionMask = 2147483647;
			files = (
			);
			runOnlyForDeploymentPostprocessing = 0;
		};
/* End PBXFrameworksBuildPhase section */

/* Begin PBXGroup section */
		3F94C7181C7B4008005CA088 = {
			isa = PBXGroup;
			children = (
				3F94C7231C7B4008005CA088 /* Eventos */,
				3F94C7221C7B4008005CA088 /* Products */,
			);
			sourceTree = "<group>";
		};
		3F94C7221C7B4008005CA088 /* Products */ = {
			isa = PBXGroup;
			children = (
				3F94C7211C7B4008005CA088 /* Eventos.app */,
			);
			name = Products;
			sourceTree = "<group>";
		};
		3F94C7231C7B4008005CA088 /* Eventos */ = {
			isa = PBXGroup;
			children = (
				3F94C7241C7B4008005CA088 /* AppDelegate.swift */,
				3F94C7281C7B4008005CA088 /* Main.storyboard */,
				3F94C72B1C7B4008005CA088 /* Assets.xcassets */,
				3F94C72D1C7B4008005CA088 /* LaunchScreen.storyboard */,
				3F94C7301C7B4008005CA088 /* Info.plist */,
				3F94C73C1C7B4129005CA088 /* cadastro.swift */,
				3F94C73D1C7B4129005CA088 /* cadastro.xib */,
				3F94C7401C7B5055005CA088 /* Principal.swift */,
				3F94C7411C7B5055005CA088 /* Principal.xib */,
				3F94C7441C7B546B005CA088 /* Perdeu.swift */,
				3F94C7451C7B546B005CA088 /* Perdeu.xib */,
				3F94C74A1C7B67C8005CA088 /* ViewController.swift */,
				3F94C74C1C7B6807005CA088 /* ViewController.xib */,
				3F605B551C7BA01A0015AAE7 /* CategoryRow.swift */,
			);
			path = Eventos;
			sourceTree = "<group>";
		};
/* End PBXGroup section */

/* Begin PBXNativeTarget section */
		3F94C7201C7B4008005CA088 /* Eventos */ = {
			isa = PBXNativeTarget;
			buildConfigurationList = 3F94C7331C7B4008005CA088 /* Build configuration list for PBXNativeTarget "Eventos" */;
			buildPhases = (
				3F94C71D1C7B4008005CA088 /* Sources */,
				3F94C71E1C7B4008005CA088 /* Frameworks */,
				3F94C71F1C7B4008005CA088 /* Resources */,
			);
			buildRules = (
			);
			dependencies = (
			);
			name = Eventos;
			productName = Eventos;
			productReference = 3F94C7211C7B4008005CA088 /* Eventos.app */;
			productType = "com.apple.product-type.application";
		};
/* End PBXNativeTarget section */

/* Begin PBXProject section */
		3F94C7191C7B4008005CA088 /* Project object */ = {
			isa = PBXProject;
			attributes = {
				LastSwiftUpdateCheck = 0720;
				LastUpgradeCheck = 0720;
				ORGANIZATIONNAME = "Nicolas de Casteja";
				TargetAttributes = {
					3F94C7201C7B4008005CA088 = {
						CreatedOnToolsVersion = 7.2;
					};
				};
			};
			buildConfigurationList = 3F94C71C1C7B4008005CA088 /* Build configuration list for PBXProject "Eventos" */;
			compatibilityVersion = "Xcode 3.2";
			developmentRegion = English;
			hasScannedForEncodings = 0;
			knownRegions = (
				en,
				Base,
			);
			mainGroup = 3F94C7181C7B4008005CA088;
			productRefGroup = 3F94C7221C7B4008005CA088 /* Products */;
			projectDirPath = "";
			projectRoot = "";
			targets = (
				3F94C7201C7B4008005CA088 /* Eventos */,
			);
		};
/* End PBXProject section */

/* Begin PBXResourcesBuildPhase section */
		3F94C71F1C7B4008005CA088 /* Resources */ = {
			isa = PBXResourcesBuildPhase;
			buildActionMask = 2147483647;
			files = (
				3F94C74D1C7B6807005CA088 /* ViewController.xib in Resources */,
				3F94C7471C7B546B005CA088 /* Perdeu.xib in Resources */,
				3F94C72F1C7B4008005CA088 /* LaunchScreen.storyboard in Resources */,
				3F94C72C1C7B4008005CA088 /* Assets.xcassets in Resources */,
				3F94C73F1C7B4129005CA088 /* cadastro.xib in Resources */,
				3F94C7431C7B5055005CA088 /* Principal.xib in Resources */,
				3F94C72A1C7B4008005CA088 /* Main.storyboard in Resources */,
			);
			runOnlyForDeploymentPostprocessing = 0;
		};
/* End PBXResourcesBuildPhase section */

/* Begin PBXSourcesBuildPhase section */
		3F94C71D1C7B4008005CA088 /* Sources */ = {
			isa = PBXSourcesBuildPhase;
			buildActionMask = 2147483647;
			files = (
				3F94C74B1C7B67C8005CA088 /* ViewController.swift in Sources */,
				3F94C7461C7B546B005CA088 /* Perdeu.swift in Sources */,
				3F94C73E1C7B4129005CA088 /* cadastro.swift in Sources */,
				3F94C7421C7B5055005CA088 /* Principal.swift in Sources */,
				3F605B561C7BA01A0015AAE7 /* CategoryRow.swift in Sources */,
				3F94C7251C7B4008005CA088 /* AppDelegate.swift in Sources */,
			);
			runOnlyForDeploymentPostprocessing = 0;
		};
/* End PBXSourcesBuildPhase section */

/* Begin PBXVariantGroup section */
		3F94C7281C7B4008005CA088 /* Main.storyboard */ = {
			isa = PBXVariantGroup;
			children = (
				3F94C7291C7B4008005CA088 /* Base */,
			);
			name = Main.storyboard;
			sourceTree = "<group>";
		};
		3F94C72D1C7B4008005CA088 /* LaunchScreen.storyboard */ = {
			isa = PBXVariantGroup;
			children = (
				3F94C72E1C7B4008005CA088 /* Base */,
			);
			name = LaunchScreen.storyboard;
			sourceTree = "<group>";
		};
/* End PBXVariantGroup section */

/* Begin XCBuildConfiguration section */
		3F94C7311C7B4008005CA088 /* Debug */ = {
			isa = XCBuildConfiguration;
			buildSettings = {
				ALWAYS_SEARCH_USER_PATHS = NO;
				CLANG_CXX_LANGUAGE_STANDARD = "gnu++0x";
				CLANG_CXX_LIBRARY = "libc++";
				CLANG_ENABLE_MODULES = YES;
				CLANG_ENABLE_OBJC_ARC = YES;
				CLANG_WARN_BOOL_CONVERSION = YES;
				CLANG_WARN_CONSTANT_CONVERSION = YES;
				CLANG_WARN_DIRECT_OBJC_ISA_USAGE = YES_ERROR;
				CLANG_WARN_EMPTY_BODY = YES;
				CLANG_WARN_ENUM_CONVERSION = YES;
				CLANG_WARN_INT_CONVERSION = YES;
				CLANG_WARN_OBJC_ROOT_CLASS = YES_ERROR;
				CLANG_WARN_UNREACHABLE_CODE = YES;
				CLANG_WARN__DUPLICATE_METHOD_MATCH = YES;
				"CODE_SIGN_IDENTITY[sdk=iphoneos*]" = "iPhone Developer";
				COPY_PHASE_STRIP = NO;
				DEBUG_INFORMATION_FORMAT = dwarf;
				ENABLE_STRICT_OBJC_MSGSEND = YES;
				ENABLE_TESTABILITY = YES;
				GCC_C_LANGUAGE_STANDARD = gnu99;
				GCC_DYNAMIC_NO_PIC = NO;
				GCC_NO_COMMON_BLOCKS = YES;
				GCC_OPTIMIZATION_LEVEL = 0;
				GCC_PREPROCESSOR_DEFINITIONS = (
					"DEBUG=1",
					"$(inherited)",
				);
				GCC_WARN_64_TO_32_BIT_CONVERSION = YES;
				GCC_WARN_ABOUT_RETURN_TYPE = YES_ERROR;
				GCC_WARN_UNDECLARED_SELECTOR = YES;
				GCC_WARN_UNINITIALIZED_AUTOS = YES_AGGRESSIVE;
				GCC_WARN_UNUSED_FUNCTION = YES;
				GCC_WARN_UNUSED_VARIABLE = YES;
				IPHONEOS_DEPLOYMENT_TARGET = 9.2;
				MTL_ENABLE_DEBUG_INFO = YES;
				ONLY_ACTIVE_ARCH = YES;
				SDKROOT = iphoneos;
				SWIFT_OPTIMIZATION_LEVEL = "-Onone";
				TARGETED_DEVICE_FAMILY = "1,2";
			};
			name = Debug;
		};
		3F94C7321C7B4008005CA088 /* Release */ = {
			isa = XCBuildConfiguration;
			buildSettings = {
				ALWAYS_SEARCH_USER_PATHS = NO;
				CLANG_CXX_LANGUAGE_STANDARD = "gnu++0x";
				CLANG_CXX_LIBRARY = "libc++";
				CLANG_ENABLE_MODULES = YES;
				CLANG_ENABLE_OBJC_ARC = YES;
				CLANG_WARN_BOOL_CONVERSION = YES;
				CLANG_WARN_CONSTANT_CONVERSION = YES;
				CLANG_WARN_DIRECT_OBJC_ISA_USAGE = YES_ERROR;
				CLANG_WARN_EMPTY_BODY = YES;
				CLANG_WARN_ENUM_CONVERSION = YES;
				CLANG_WARN_INT_CONVERSION = YES;
				CLANG_WARN_OBJC_ROOT_CLASS = YES_ERROR;
				CLANG_WARN_UNREACHABLE_CODE = YES;
				CLANG_WARN__DUPLICATE_METHOD_MATCH = YES;
				"CODE_SIGN_IDENTITY[sdk=iphoneos*]" = "iPhone Developer";
				COPY_PHASE_STRIP = NO;
				DEBUG_INFORMATION_FORMAT = "dwarf-with-dsym";
				ENABLE_NS_ASSERTIONS = NO;
				ENABLE_STRICT_OBJC_MSGSEND = YES;
				GCC_C_LANGUAGE_STANDARD = gnu99;
				GCC_NO_COMMON_BLOCKS = YES;
				GCC_WARN_64_TO_32_BIT_CONVERSION = YES;
				GCC_WARN_ABOUT_RETURN_TYPE = YES_ERROR;
				GCC_WARN_UNDECLARED_SELECTOR = YES;
				GCC_WARN_UNINITIALIZED_AUTOS = YES_AGGRESSIVE;
				GCC_WARN_UNUSED_FUNCTION = YES;
				GCC_WARN_UNUSED_VARIABLE = YES;
				IPHONEOS_DEPLOYMENT_TARGET = 9.2;
				MTL_ENABLE_DEBUG_INFO = NO;
				SDKROOT = iphoneos;
				TARGETED_DEVICE_FAMILY = "1,2";
				VALIDATE_PRODUCT = YES;
			};
			name = Release;
		};
		3F94C7341C7B4008005CA088 /* Debug */ = {
			isa = XCBuildConfiguration;
			buildSettings = {
				ASSETCATALOG_COMPILER_APPICON_NAME = AppIcon;
				INFOPLIST_FILE = Eventos/Info.plist;
				LD_RUNPATH_SEARCH_PATHS = "$(inherited) @executable_path/Frameworks";
				PRODUCT_BUNDLE_IDENTIFIER = NC.Eventos;
				PRODUCT_NAME = "$(TARGET_NAME)";
			};
			name = Debug;
		};
		3F94C7351C7B4008005CA088 /* Release */ = {
			isa = XCBuildConfiguration;
			buildSettings = {
				ASSETCATALOG_COMPILER_APPICON_NAME = AppIcon;
				INFOPLIST_FILE = Eventos/Info.plist;
				LD_RUNPATH_SEARCH_PATHS = "$(inherited) @executable_path/Frameworks";
				PRODUCT_BUNDLE_IDENTIFIER = NC.Eventos;
				PRODUCT_NAME = "$(TARGET_NAME)";
			};
			name = Release;
		};
/* End XCBuildConfiguration section */

/* Begin XCConfigurationList section */
		3F94C71C1C7B4008005CA088 /* Build configuration list for PBXProject "Eventos" */ = {
			isa = XCConfigurationList;
			buildConfigurations = (
				3F94C7311C7B4008005CA088 /* Debug */,
				3F94C7321C7B4008005CA088 /* Release */,
			);
			defaultConfigurationIsVisible = 0;
			defaultConfigurationName = Release;
		};
		3F94C7331C7B4008005CA088 /* Build configuration list for PBXNativeTarget "Eventos" */ = {
			isa = XCConfigurationList;
			buildConfigurations = (
				3F94C7341C7B4008005CA088 /* Debug */,
				3F94C7351C7B4008005CA088 /* Release */,
			);
			defaultConfigurationIsVisible = 0;
			defaultConfigurationName = Release;
		};
/* End XCConfigurationList section */
	};
	rootObject = 3F94C7191C7B4008005CA088 /* Project object */;
}
